
Microsoft Visual Studio Solution File, Format Version 12.00
# Visual Studio Version 17
VisualStudioVersion = 17.14.36301.6
MinimumVisualStudioVersion = 10.0.40219.1
Project("{FAE04EC0-301F-11D3-BF4B-00C04F79EFBC}") = "SftpSyncTool", "SftpSyncTool.csproj", "{7615215A-D9EE-4970-BA03-C7CE5B928065}"
EndProject
Project("{FAE04EC0-301F-11D3-BF4B-00C04F79EFBC}") = "Models", "..\Models\Models.csproj", "{61C12B06-02F3-447C-8F4F-B17A0C8B1B4D}"
EndProject
Project("{FAE04EC0-301F-11D3-BF4B-00C04F79EFBC}") = "Infrastructure", "..\Infrastructure\Infrastructure.csproj", "{17C73B47-DFC2-4DB8-A70F-532E0F7769B2}"
EndProject
Project("{FAE04EC0-301F-11D3-BF4B-00C04F79EFBC}") = "Services", "..\Services\Services.csproj", "{719B017A-C997-4927-84A2-E35D0AEE0AA4}"
EndProject
Project("{2150E333-8FDC-42A3-9474-1A3956D46DE8}") = "src", "src", "{02EA681E-C7D8-13C7-8484-4AC65E1B71E8}"
EndProject
Project("{2150E333-8FDC-42A3-9474-1A3956D46DE8}") = "app", "app", "{29C72064-2D84-43D3-AAF8-3EC8EA7CA5EB}"
EndProject
Project("{FAE04EC0-301F-11D3-BF4B-00C04F79EFBC}") = "Domain", "..\Domain\Domain.csproj", "{3BB43B57-F636-4AAF-B189-96F4AE58DD8F}"
EndProject
Project("{2150E333-8FDC-42A3-9474-1A3956D46DE8}") = "Docs", "Docs", "{3A769CA5-4F71-4F74-AABB-A517B64DC685}"
	ProjectSection(SolutionItems) = preProject
		..\README.md = ..\README.md
		UPDATES.MD = UPDATES.MD
	EndProjectSection
EndProject
Global
	GlobalSection(SolutionConfigurationPlatforms) = preSolution
		Debug|Any CPU = Debug|Any CPU
		Release|Any CPU = Release|Any CPU
	EndGlobalSection
	GlobalSection(ProjectConfigurationPlatforms) = postSolution
		{7615215A-D9EE-4970-BA03-C7CE5B928065}.Debug|Any CPU.ActiveCfg = Debug|Any CPU
		{7615215A-D9EE-4970-BA03-C7CE5B928065}.Debug|Any CPU.Build.0 = Debug|Any CPU
		{7615215A-D9EE-4970-BA03-C7CE5B928065}.Release|Any CPU.ActiveCfg = Release|Any CPU
		{7615215A-D9EE-4970-BA03-C7CE5B928065}.Release|Any CPU.Build.0 = Release|Any CPU
		{61C12B06-02F3-447C-8F4F-B17A0C8B1B4D}.Debug|Any CPU.ActiveCfg = Debug|Any CPU
		{61C12B06-02F3-447C-8F4F-B17A0C8B1B4D}.Debug|Any CPU.Build.0 = Debug|Any CPU
		{61C12B06-02F3-447C-8F4F-B17A0C8B1B4D}.Release|Any CPU.ActiveCfg = Release|Any CPU
		{61C12B06-02F3-447C-8F4F-B17A0C8B1B4D}.Release|Any CPU.Build.0 = Release|Any CPU
		{17C73B47-DFC2-4DB8-A70F-532E0F7769B2}.Debug|Any CPU.ActiveCfg = Debug|Any CPU
		{17C73B47-DFC2-4DB8-A70F-532E0F7769B2}.Debug|Any CPU.Build.0 = Debug|Any CPU
		{17C73B47-DFC2-4DB8-A70F-532E0F7769B2}.Release|Any CPU.ActiveCfg = Release|Any CPU
		{17C73B47-DFC2-4DB8-A70F-532E0F7769B2}.Release|Any CPU.Build.0 = Release|Any CPU
		{719B017A-C997-4927-84A2-E35D0AEE0AA4}.Debug|Any CPU.ActiveCfg = Debug|Any CPU
		{719B017A-C997-4927-84A2-E35D0AEE0AA4}.Debug|Any CPU.Build.0 = Debug|Any CPU
		{719B017A-C997-4927-84A2-E35D0AEE0AA4}.Release|Any CPU.ActiveCfg = Release|Any CPU
		{719B017A-C997-4927-84A2-E35D0AEE0AA4}.Release|Any CPU.Build.0 = Release|Any CPU
		{3BB43B57-F636-4AAF-B189-96F4AE58DD8F}.Debug|Any CPU.ActiveCfg = Debug|Any CPU
		{3BB43B57-F636-4AAF-B189-96F4AE58DD8F}.Debug|Any CPU.Build.0 = Debug|Any CPU
		{3BB43B57-F636-4AAF-B189-96F4AE58DD8F}.Release|Any CPU.ActiveCfg = Release|Any CPU
		{3BB43B57-F636-4AAF-B189-96F4AE58DD8F}.Release|Any CPU.Build.0 = Release|Any CPU
	EndGlobalSection
	GlobalSection(SolutionProperties) = preSolution
		HideSolutionNode = FALSE
	EndGlobalSection
	GlobalSection(NestedProjects) = preSolution
		{7615215A-D9EE-4970-BA03-C7CE5B928065} = {29C72064-2D84-43D3-AAF8-3EC8EA7CA5EB}
		{61C12B06-02F3-447C-8F4F-B17A0C8B1B4D} = {02EA681E-C7D8-13C7-8484-4AC65E1B71E8}
		{17C73B47-DFC2-4DB8-A70F-532E0F7769B2} = {02EA681E-C7D8-13C7-8484-4AC65E1B71E8}
		{719B017A-C997-4927-84A2-E35D0AEE0AA4} = {02EA681E-C7D8-13C7-8484-4AC65E1B71E8}
		{3BB43B57-F636-4AAF-B189-96F4AE58DD8F} = {02EA681E-C7D8-13C7-8484-4AC65E1B71E8}
	EndGlobalSection
	GlobalSection(ExtensibilityGlobals) = postSolution
		SolutionGuid = {BA8974FC-BEFC-47DB-B06A-8CAC4885B15B}
	EndGlobalSection
EndGlobal
